
Microsoft Visual Studio Solution File, Format Version 12.00
# Visual Studio Version 17
VisualStudioVersion = 17.8.34408.163
MinimumVisualStudioVersion = 10.0.40219.1
Project("{FAE04EC0-301F-11D3-BF4B-00C04F79EFBC}") = "Visual_Grupos", "Visual_Grupos.csproj", "{030DBD67-76DA-4A0C-80B7-8B33C81270AF}"
EndProject
Global
	GlobalSection(SolutionConfigurationPlatforms) = preSolution
		Debug|Any CPU = Debug|Any CPU
		Release|Any CPU = Release|Any CPU
	EndGlobalSection
	GlobalSection(ProjectConfigurationPlatforms) = postSolution
		{030DBD67-76DA-4A0C-80B7-8B33C81270AF}.Debug|Any CPU.ActiveCfg = Debug|Any CPU
		{030DBD67-76DA-4A0C-80B7-8B33C81270AF}.Debug|Any CPU.Build.0 = Debug|Any CPU
		{030DBD67-76DA-4A0C-80B7-8B33C81270AF}.Release|Any CPU.ActiveCfg = Release|Any CPU
		{030DBD67-76DA-4A0C-80B7-8B33C81270AF}.Release|Any CPU.Build.0 = Release|Any CPU
	EndGlobalSection
	GlobalSection(SolutionProperties) = preSolution
		HideSolutionNode = FALSE
	EndGlobalSection
	GlobalSection(ExtensibilityGlobals) = postSolution
		SolutionGuid = {9B34EFDC-3189-4853-9EED-D7177EF1F5EB}
	EndGlobalSection
EndGlobal
